// !$*UTF8*$!
{
	archiveVersion = 1;
	classes = {
	};
	objectVersion = 46;
	objects = {

/* Begin PBXBuildFile section */
		0A3EAA221E160B54000CE9A1 /* JobOvershoot.m in Sources */ = {isa = PBXBuildFile; fileRef = 0A3EAA211E160B54000CE9A1 /* JobOvershoot.m */; };
		0AF349B91E13BED00038171B /* main.m in Sources */ = {isa = PBXBuildFile; fileRef = 0AF349B81E13BED00038171B /* main.m */; };
/* End PBXBuildFile section */

/* Begin PBXCopyFilesBuildPhase section */
		0AF349B31E13BED00038171B /* CopyFiles */ = {
			isa = PBXCopyFilesBuildPhase;
			buildActionMask = 2147483647;
			dstPath = /usr/share/man/man1/;
			dstSubfolderSpec = 0;
			files = (
			);
			runOnlyForDeploymentPostprocessing = 1;
		};
/* End PBXCopyFilesBuildPhase section */

/* Begin PBXFileReference section */
		0A3EAA1E1E160941000CE9A1 /* data.txt */ = {isa = PBXFileReference; fileEncoding = 4; lastKnownFileType = text; path = data.txt; sourceTree = "<group>"; };
		0A3EAA211E160B54000CE9A1 /* JobOvershoot.m */ = {isa = PBXFileReference; fileEncoding = 4; lastKnownFileType = sourcecode.c.objc; path = JobOvershoot.m; sourceTree = "<group>"; };
		0A3EAA231E160B67000CE9A1 /* JobOvershoot.h */ = {isa = PBXFileReference; lastKnownFileType = sourcecode.c.h; path = JobOvershoot.h; sourceTree = "<group>"; };
		0A466A1E1E14D9A000CC3F4C /* input.txt */ = {isa = PBXFileReference; fileEncoding = 4; lastKnownFileType = text; path = input.txt; sourceTree = "<group>"; };
		0AF349B51E13BED00038171B /* JobScheduling */ = {isa = PBXFileReference; explicitFileType = "compiled.mach-o.executable"; includeInIndex = 0; path = JobScheduling; sourceTree = BUILT_PRODUCTS_DIR; };
		0AF349B81E13BED00038171B /* main.m */ = {isa = PBXFileReference; lastKnownFileType = sourcecode.c.objc; path = main.m; sourceTree = "<group>"; };
/* End PBXFileReference section */

/* Begin PBXFrameworksBuildPhase section */
		0AF349B21E13BED00038171B /* Frameworks */ = {
			isa = PBXFrameworksBuildPhase;
			buildActionMask = 2147483647;
			files = (
			);
			runOnlyForDeploymentPostprocessing = 0;
		};
/* End PBXFrameworksBuildPhase section */

/* Begin PBXGroup section */
		0AF349AC1E13BED00038171B = {
			isa = PBXGroup;
			children = (
				0AF349B71E13BED00038171B /* JobScheduling */,
				0AF349B61E13BED00038171B /* Products */,
			);
			sourceTree = "<group>";
		};
		0AF349B61E13BED00038171B /* Products */ = {
			isa = PBXGroup;
			children = (
				0AF349B51E13BED00038171B /* JobScheduling */,
			);
			name = Products;
			sourceTree = "<group>";
		};
		0AF349B71E13BED00038171B /* JobScheduling */ = {
			isa = PBXGroup;
			children = (
				0AF349B81E13BED00038171B /* main.m */,
				0A3EAA211E160B54000CE9A1 /* JobOvershoot.m */,
				0A3EAA231E160B67000CE9A1 /* JobOvershoot.h */,
				0A466A1E1E14D9A000CC3F4C /* input.txt */,
				0A3EAA1E1E160941000CE9A1 /* data.txt */,
			);
			path = JobScheduling;
			sourceTree = "<group>";
		};
/* End PBXGroup section */

/* Begin PBXNativeTarget section */
		0AF349B41E13BED00038171B /* JobScheduling */ = {
			isa = PBXNativeTarget;
			buildConfigurationList = 0AF349BC1E13BED00038171B /* Build configuration list for PBXNativeTarget "JobScheduling" */;
			buildPhases = (
				0AF349B11E13BED00038171B /* Sources */,
				0AF349B21E13BED00038171B /* Frameworks */,
				0AF349B31E13BED00038171B /* CopyFiles */,
			);
			buildRules = (
			);
			dependencies = (
			);
			name = JobScheduling;
			productName = JobScheduling;
			productReference = 0AF349B51E13BED00038171B /* JobScheduling */;
			productType = "com.apple.product-type.tool";
		};
/* End PBXNativeTarget section */

/* Begin PBXProject section */
		0AF349AD1E13BED00038171B /* Project object */ = {
			isa = PBXProject;
			attributes = {
				LastUpgradeCheck = 0810;
				ORGANIZATIONNAME = "BridgeLabz Solutions LLP";
				TargetAttributes = {
					0AF349B41E13BED00038171B = {
						CreatedOnToolsVersion = 8.1;
						ProvisioningStyle = Automatic;
					};
				};
			};
			buildConfigurationList = 0AF349B01E13BED00038171B /* Build configuration list for PBXProject "JobScheduling" */;
			compatibilityVersion = "Xcode 3.2";
			developmentRegion = English;
			hasScannedForEncodings = 0;
			knownRegions = (
				en,
			);
			mainGroup = 0AF349AC1E13BED00038171B;
			productRefGroup = 0AF349B61E13BED00038171B /* Products */;
			projectDirPath = "";
			projectRoot = "";
			targets = (
				0AF349B41E13BED00038171B /* JobScheduling */,
			);
		};
/* End PBXProject section */

/* Begin PBXSourcesBuildPhase section */
		0AF349B11E13BED00038171B /* Sources */ = {
			isa = PBXSourcesBuildPhase;
			buildActionMask = 2147483647;
			files = (
				0AF349B91E13BED00038171B /* main.m in Sources */,
				0A3EAA221E160B54000CE9A1 /* JobOvershoot.m in Sources */,
			);
			runOnlyForDeploymentPostprocessing = 0;
		};
/* End PBXSourcesBuildPhase section */

/* Begin XCBuildConfiguration section */
		0AF349BA1E13BED00038171B /* Debug */ = {
			isa = XCBuildConfiguration;
			buildSettings = {
				ALWAYS_SEARCH_USER_PATHS = NO;
				CLANG_ANALYZER_NONNULL = YES;
				CLANG_CXX_LANGUAGE_STANDARD = "gnu++0x";
				CLANG_CXX_LIBRARY = "libc++";
				CLANG_ENABLE_MODULES = YES;
				CLANG_ENABLE_OBJC_ARC = YES;
				CLANG_WARN_BOOL_CONVERSION = YES;
				CLANG_WARN_CONSTANT_CONVERSION = YES;
				CLANG_WARN_DIRECT_OBJC_ISA_USAGE = YES_ERROR;
				CLANG_WARN_DOCUMENTATION_COMMENTS = YES;
				CLANG_WARN_EMPTY_BODY = YES;
				CLANG_WARN_ENUM_CONVERSION = YES;
				CLANG_WARN_INFINITE_RECURSION = YES;
				CLANG_WARN_INT_CONVERSION = YES;
				CLANG_WARN_OBJC_ROOT_CLASS = YES_ERROR;
				CLANG_WARN_SUSPICIOUS_MOVES = YES;
				CLANG_WARN_UNREACHABLE_CODE = YES;
				CLANG_WARN__DUPLICATE_METHOD_MATCH = YES;
				CODE_SIGN_IDENTITY = "-";
				COPY_PHASE_STRIP = NO;
				DEBUG_INFORMATION_FORMAT = dwarf;
				ENABLE_STRICT_OBJC_MSGSEND = YES;
				ENABLE_TESTABILITY = YES;
				GCC_C_LANGUAGE_STANDARD = gnu99;
				GCC_DYNAMIC_NO_PIC = NO;
				GCC_NO_COMMON_BLOCKS = YES;
				GCC_OPTIMIZATION_LEVEL = 0;
				GCC_PREPROCESSOR_DEFINITIONS = (
					"DEBUG=1",
					"$(inherited)",
				);
				GCC_WARN_64_TO_32_BIT_CONVERSION = YES;
				GCC_WARN_ABOUT_RETURN_TYPE = YES_ERROR;
				GCC_WARN_UNDECLARED_SELECTOR = YES;
				GCC_WARN_UNINITIALIZED_AUTOS = YES_AGGRESSIVE;
				GCC_WARN_UNUSED_FUNCTION = YES;
				GCC_WARN_UNUSED_VARIABLE = YES;
				MACOSX_DEPLOYMENT_TARGET = 10.11;
				MTL_ENABLE_DEBUG_INFO = YES;
				ONLY_ACTIVE_ARCH = YES;
				SDKROOT = macosx;
			};
			name = Debug;
		};
		0AF349BB1E13BED00038171B /* Release */ = {
			isa = XCBuildConfiguration;
			buildSettings = {
				ALWAYS_SEARCH_USER_PATHS = NO;
				CLANG_ANALYZER_NONNULL = YES;
				CLANG_CXX_LANGUAGE_STANDARD = "gnu++0x";
				CLANG_CXX_LIBRARY = "libc++";
				CLANG_ENABLE_MODULES = YES;
				CLANG_ENABLE_OBJC_ARC = YES;
				CLANG_WARN_BOOL_CONVERSION = YES;
				CLANG_WARN_CONSTANT_CONVERSION = YES;
				CLANG_WARN_DIRECT_OBJC_ISA_USAGE = YES_ERROR;
				CLANG_WARN_DOCUMENTATION_COMMENTS = YES;
				CLANG_WARN_EMPTY_BODY = YES;
				CLANG_WARN_ENUM_CONVERSION = YES;
				CLANG_WARN_INFINITE_RECURSION = YES;
				CLANG_WARN_INT_CONVERSION = YES;
				CLANG_WARN_OBJC_ROOT_CLASS = YES_ERROR;
				CLANG_WARN_SUSPICIOUS_MOVES = YES;
				CLANG_WARN_UNREACHABLE_CODE = YES;
				CLANG_WARN__DUPLICATE_METHOD_MATCH = YES;
				CODE_SIGN_IDENTITY = "-";
				COPY_PHASE_STRIP = NO;
				DEBUG_INFORMATION_FORMAT = "dwarf-with-dsym";
				ENABLE_NS_ASSERTIONS = NO;
				ENABLE_STRICT_OBJC_MSGSEND = YES;
				GCC_C_LANGUAGE_STANDARD = gnu99;
				GCC_NO_COMMON_BLOCKS = YES;
				GCC_WARN_64_TO_32_BIT_CONVERSION = YES;
				GCC_WARN_ABOUT_RETURN_TYPE = YES_ERROR;
				GCC_WARN_UNDECLARED_SELECTOR = YES;
				GCC_WARN_UNINITIALIZED_AUTOS = YES_AGGRESSIVE;
				GCC_WARN_UNUSED_FUNCTION = YES;
				GCC_WARN_UNUSED_VARIABLE = YES;
				MACOSX_DEPLOYMENT_TARGET = 10.11;
				MTL_ENABLE_DEBUG_INFO = NO;
				SDKROOT = macosx;
			};
			name = Release;
		};
		0AF349BD1E13BED00038171B /* Debug */ = {
			isa = XCBuildConfiguration;
			buildSettings = {
				PRODUCT_NAME = "$(TARGET_NAME)";
			};
			name = Debug;
		};
		0AF349BE1E13BED00038171B /* Release */ = {
			isa = XCBuildConfiguration;
			buildSettings = {
				PRODUCT_NAME = "$(TARGET_NAME)";
			};
			name = Release;
		};
/* End XCBuildConfiguration section */

/* Begin XCConfigurationList section */
		0AF349B01E13BED00038171B /* Build configuration list for PBXProject "JobScheduling" */ = {
			isa = XCConfigurationList;
			buildConfigurations = (
				0AF349BA1E13BED00038171B /* Debug */,
				0AF349BB1E13BED00038171B /* Release */,
			);
			defaultConfigurationIsVisible = 0;
			defaultConfigurationName = Release;
		};
		0AF349BC1E13BED00038171B /* Build configuration list for PBXNativeTarget "JobScheduling" */ = {
			isa = XCConfigurationList;
			buildConfigurations = (
				0AF349BD1E13BED00038171B /* Debug */,
				0AF349BE1E13BED00038171B /* Release */,
			);
			defaultConfigurationIsVisible = 0;
			defaultConfigurationName = Release;
		};
/* End XCConfigurationList section */
	};
	rootObject = 0AF349AD1E13BED00038171B /* Project object */;
}
