// !$*UTF8*$!
{
	archiveVersion = 1;
	classes = {
	};
	objectVersion = 46;
	objects = {

/* Begin PBXBuildFile section */
		0AF5DF431E0E582A00AD0DB7 /* main.m in Sources */ = {isa = PBXBuildFile; fileRef = 0AF5DF421E0E582A00AD0DB7 /* main.m */; };
		0AF5DF4A1E0E585200AD0DB7 /* 2DArray.m in Sources */ = {isa = PBXBuildFile; fileRef = 0AF5DF491E0E585200AD0DB7 /* 2DArray.m */; };
/* End PBXBuildFile section */

/* Begin PBXCopyFilesBuildPhase section */
		0AF5DF3D1E0E582A00AD0DB7 /* CopyFiles */ = {
			isa = PBXCopyFilesBuildPhase;
			buildActionMask = 2147483647;
			dstPath = /usr/share/man/man1/;
			dstSubfolderSpec = 0;
			files = (
			);
			runOnlyForDeploymentPostprocessing = 1;
		};
/* End PBXCopyFilesBuildPhase section */

/* Begin PBXFileReference section */
		0AF5DF3F1E0E582A00AD0DB7 /* Program9 */ = {isa = PBXFileReference; explicitFileType = "compiled.mach-o.executable"; includeInIndex = 0; path = Program9; sourceTree = BUILT_PRODUCTS_DIR; };
		0AF5DF421E0E582A00AD0DB7 /* main.m */ = {isa = PBXFileReference; lastKnownFileType = sourcecode.c.objc; path = main.m; sourceTree = "<group>"; };
		0AF5DF491E0E585200AD0DB7 /* 2DArray.m */ = {isa = PBXFileReference; fileEncoding = 4; lastKnownFileType = sourcecode.c.objc; path = 2DArray.m; sourceTree = "<group>"; };
		0AF5DF4B1E0E586400AD0DB7 /* 2DArray.h */ = {isa = PBXFileReference; lastKnownFileType = sourcecode.c.h; path = 2DArray.h; sourceTree = "<group>"; };
/* End PBXFileReference section */

/* Begin PBXFrameworksBuildPhase section */
		0AF5DF3C1E0E582A00AD0DB7 /* Frameworks */ = {
			isa = PBXFrameworksBuildPhase;
			buildActionMask = 2147483647;
			files = (
			);
			runOnlyForDeploymentPostprocessing = 0;
		};
/* End PBXFrameworksBuildPhase section */

/* Begin PBXGroup section */
		0AF5DF361E0E582A00AD0DB7 = {
			isa = PBXGroup;
			children = (
				0AF5DF411E0E582A00AD0DB7 /* Program9 */,
				0AF5DF401E0E582A00AD0DB7 /* Products */,
			);
			sourceTree = "<group>";
		};
		0AF5DF401E0E582A00AD0DB7 /* Products */ = {
			isa = PBXGroup;
			children = (
				0AF5DF3F1E0E582A00AD0DB7 /* Program9 */,
			);
			name = Products;
			sourceTree = "<group>";
		};
		0AF5DF411E0E582A00AD0DB7 /* Program9 */ = {
			isa = PBXGroup;
			children = (
				0AF5DF421E0E582A00AD0DB7 /* main.m */,
				0AF5DF491E0E585200AD0DB7 /* 2DArray.m */,
				0AF5DF4B1E0E586400AD0DB7 /* 2DArray.h */,
			);
			path = Program9;
			sourceTree = "<group>";
		};
/* End PBXGroup section */

/* Begin PBXNativeTarget section */
		0AF5DF3E1E0E582A00AD0DB7 /* Program9 */ = {
			isa = PBXNativeTarget;
			buildConfigurationList = 0AF5DF461E0E582A00AD0DB7 /* Build configuration list for PBXNativeTarget "Program9" */;
			buildPhases = (
				0AF5DF3B1E0E582A00AD0DB7 /* Sources */,
				0AF5DF3C1E0E582A00AD0DB7 /* Frameworks */,
				0AF5DF3D1E0E582A00AD0DB7 /* CopyFiles */,
			);
			buildRules = (
			);
			dependencies = (
			);
			name = Program9;
			productName = Program9;
			productReference = 0AF5DF3F1E0E582A00AD0DB7 /* Program9 */;
			productType = "com.apple.product-type.tool";
		};
/* End PBXNativeTarget section */

/* Begin PBXProject section */
		0AF5DF371E0E582A00AD0DB7 /* Project object */ = {
			isa = PBXProject;
			attributes = {
				LastUpgradeCheck = 0810;
				ORGANIZATIONNAME = "BridgeLabz Solutions LLP";
				TargetAttributes = {
					0AF5DF3E1E0E582A00AD0DB7 = {
						CreatedOnToolsVersion = 8.1;
						ProvisioningStyle = Automatic;
					};
				};
			};
			buildConfigurationList = 0AF5DF3A1E0E582A00AD0DB7 /* Build configuration list for PBXProject "Program9" */;
			compatibilityVersion = "Xcode 3.2";
			developmentRegion = English;
			hasScannedForEncodings = 0;
			knownRegions = (
				en,
			);
			mainGroup = 0AF5DF361E0E582A00AD0DB7;
			productRefGroup = 0AF5DF401E0E582A00AD0DB7 /* Products */;
			projectDirPath = "";
			projectRoot = "";
			targets = (
				0AF5DF3E1E0E582A00AD0DB7 /* Program9 */,
			);
		};
/* End PBXProject section */

/* Begin PBXSourcesBuildPhase section */
		0AF5DF3B1E0E582A00AD0DB7 /* Sources */ = {
			isa = PBXSourcesBuildPhase;
			buildActionMask = 2147483647;
			files = (
				0AF5DF431E0E582A00AD0DB7 /* main.m in Sources */,
				0AF5DF4A1E0E585200AD0DB7 /* 2DArray.m in Sources */,
			);
			runOnlyForDeploymentPostprocessing = 0;
		};
/* End PBXSourcesBuildPhase section */

/* Begin XCBuildConfiguration section */
		0AF5DF441E0E582A00AD0DB7 /* Debug */ = {
			isa = XCBuildConfiguration;
			buildSettings = {
				ALWAYS_SEARCH_USER_PATHS = NO;
				CLANG_ANALYZER_NONNULL = YES;
				CLANG_CXX_LANGUAGE_STANDARD = "gnu++0x";
				CLANG_CXX_LIBRARY = "libc++";
				CLANG_ENABLE_MODULES = YES;
				CLANG_ENABLE_OBJC_ARC = YES;
				CLANG_WARN_BOOL_CONVERSION = YES;
				CLANG_WARN_CONSTANT_CONVERSION = YES;
				CLANG_WARN_DIRECT_OBJC_ISA_USAGE = YES_ERROR;
				CLANG_WARN_DOCUMENTATION_COMMENTS = YES;
				CLANG_WARN_EMPTY_BODY = YES;
				CLANG_WARN_ENUM_CONVERSION = YES;
				CLANG_WARN_INFINITE_RECURSION = YES;
				CLANG_WARN_INT_CONVERSION = YES;
				CLANG_WARN_OBJC_ROOT_CLASS = YES_ERROR;
				CLANG_WARN_SUSPICIOUS_MOVES = YES;
				CLANG_WARN_UNREACHABLE_CODE = YES;
				CLANG_WARN__DUPLICATE_METHOD_MATCH = YES;
				CODE_SIGN_IDENTITY = "-";
				COPY_PHASE_STRIP = NO;
				DEBUG_INFORMATION_FORMAT = dwarf;
				ENABLE_STRICT_OBJC_MSGSEND = YES;
				ENABLE_TESTABILITY = YES;
				GCC_C_LANGUAGE_STANDARD = gnu99;
				GCC_DYNAMIC_NO_PIC = NO;
				GCC_NO_COMMON_BLOCKS = YES;
				GCC_OPTIMIZATION_LEVEL = 0;
				GCC_PREPROCESSOR_DEFINITIONS = (
					"DEBUG=1",
					"$(inherited)",
				);
				GCC_WARN_64_TO_32_BIT_CONVERSION = YES;
				GCC_WARN_ABOUT_RETURN_TYPE = YES_ERROR;
				GCC_WARN_UNDECLARED_SELECTOR = YES;
				GCC_WARN_UNINITIALIZED_AUTOS = YES_AGGRESSIVE;
				GCC_WARN_UNUSED_FUNCTION = YES;
				GCC_WARN_UNUSED_VARIABLE = YES;
				MACOSX_DEPLOYMENT_TARGET = 10.11;
				MTL_ENABLE_DEBUG_INFO = YES;
				ONLY_ACTIVE_ARCH = YES;
				SDKROOT = macosx;
			};
			name = Debug;
		};
		0AF5DF451E0E582A00AD0DB7 /* Release */ = {
			isa = XCBuildConfiguration;
			buildSettings = {
				ALWAYS_SEARCH_USER_PATHS = NO;
				CLANG_ANALYZER_NONNULL = YES;
				CLANG_CXX_LANGUAGE_STANDARD = "gnu++0x";
				CLANG_CXX_LIBRARY = "libc++";
				CLANG_ENABLE_MODULES = YES;
				CLANG_ENABLE_OBJC_ARC = YES;
				CLANG_WARN_BOOL_CONVERSION = YES;
				CLANG_WARN_CONSTANT_CONVERSION = YES;
				CLANG_WARN_DIRECT_OBJC_ISA_USAGE = YES_ERROR;
				CLANG_WARN_DOCUMENTATION_COMMENTS = YES;
				CLANG_WARN_EMPTY_BODY = YES;
				CLANG_WARN_ENUM_CONVERSION = YES;
				CLANG_WARN_INFINITE_RECURSION = YES;
				CLANG_WARN_INT_CONVERSION = YES;
				CLANG_WARN_OBJC_ROOT_CLASS = YES_ERROR;
				CLANG_WARN_SUSPICIOUS_MOVES = YES;
				CLANG_WARN_UNREACHABLE_CODE = YES;
				CLANG_WARN__DUPLICATE_METHOD_MATCH = YES;
				CODE_SIGN_IDENTITY = "-";
				COPY_PHASE_STRIP = NO;
				DEBUG_INFORMATION_FORMAT = "dwarf-with-dsym";
				ENABLE_NS_ASSERTIONS = NO;
				ENABLE_STRICT_OBJC_MSGSEND = YES;
				GCC_C_LANGUAGE_STANDARD = gnu99;
				GCC_NO_COMMON_BLOCKS = YES;
				GCC_WARN_64_TO_32_BIT_CONVERSION = YES;
				GCC_WARN_ABOUT_RETURN_TYPE = YES_ERROR;
				GCC_WARN_UNDECLARED_SELECTOR = YES;
				GCC_WARN_UNINITIALIZED_AUTOS = YES_AGGRESSIVE;
				GCC_WARN_UNUSED_FUNCTION = YES;
				GCC_WARN_UNUSED_VARIABLE = YES;
				MACOSX_DEPLOYMENT_TARGET = 10.11;
				MTL_ENABLE_DEBUG_INFO = NO;
				SDKROOT = macosx;
			};
			name = Release;
		};
		0AF5DF471E0E582A00AD0DB7 /* Debug */ = {
			isa = XCBuildConfiguration;
			buildSettings = {
				PRODUCT_NAME = "$(TARGET_NAME)";
			};
			name = Debug;
		};
		0AF5DF481E0E582A00AD0DB7 /* Release */ = {
			isa = XCBuildConfiguration;
			buildSettings = {
				PRODUCT_NAME = "$(TARGET_NAME)";
			};
			name = Release;
		};
/* End XCBuildConfiguration section */

/* Begin XCConfigurationList section */
		0AF5DF3A1E0E582A00AD0DB7 /* Build configuration list for PBXProject "Program9" */ = {
			isa = XCConfigurationList;
			buildConfigurations = (
				0AF5DF441E0E582A00AD0DB7 /* Debug */,
				0AF5DF451E0E582A00AD0DB7 /* Release */,
			);
			defaultConfigurationIsVisible = 0;
			defaultConfigurationName = Release;
		};
		0AF5DF461E0E582A00AD0DB7 /* Build configuration list for PBXNativeTarget "Program9" */ = {
			isa = XCConfigurationList;
			buildConfigurations = (
				0AF5DF471E0E582A00AD0DB7 /* Debug */,
				0AF5DF481E0E582A00AD0DB7 /* Release */,
			);
			defaultConfigurationIsVisible = 0;
		};
/* End XCConfigurationList section */
	};
	rootObject = 0AF5DF371E0E582A00AD0DB7 /* Project object */;
}
