// !$*UTF8*$!
{
	archiveVersion = 1;
	classes = {
	};
	objectVersion = 46;
	objects = {

/* Begin PBXBuildFile section */
		0A3F758A1E0F9BF500E6CD00 /* JSON.m in Sources */ = {isa = PBXBuildFile; fileRef = 0A3F75891E0F9BF500E6CD00 /* JSON.m */; };
		0AF176341E0E80E1006EF4B9 /* main.m in Sources */ = {isa = PBXBuildFile; fileRef = 0AF176331E0E80E1006EF4B9 /* main.m */; };
/* End PBXBuildFile section */

/* Begin PBXCopyFilesBuildPhase section */
		0AF1762E1E0E80E0006EF4B9 /* CopyFiles */ = {
			isa = PBXCopyFilesBuildPhase;
			buildActionMask = 2147483647;
			dstPath = /usr/share/man/man1/;
			dstSubfolderSpec = 0;
			files = (
			);
			runOnlyForDeploymentPostprocessing = 1;
		};
/* End PBXCopyFilesBuildPhase section */

/* Begin PBXFileReference section */
		0A3F75891E0F9BF500E6CD00 /* JSON.m */ = {isa = PBXFileReference; fileEncoding = 4; lastKnownFileType = sourcecode.c.objc; path = JSON.m; sourceTree = "<group>"; };
		0A3F758C1E0F9C2100E6CD00 /* JSON.h */ = {isa = PBXFileReference; lastKnownFileType = sourcecode.c.h; path = JSON.h; sourceTree = "<group>"; };
		0A3F758D1E0FA1A100E6CD00 /* myinventory.json */ = {isa = PBXFileReference; fileEncoding = 4; lastKnownFileType = text.json; path = myinventory.json; sourceTree = "<group>"; };
		0A3F758E1E0FAD4900E6CD00 /* input.txt */ = {isa = PBXFileReference; fileEncoding = 4; lastKnownFileType = text; path = input.txt; sourceTree = "<group>"; };
		0A3F758F1E0FD4CA00E6CD00 /* myoutput.json */ = {isa = PBXFileReference; fileEncoding = 4; lastKnownFileType = text.json; path = myoutput.json; sourceTree = "<group>"; };
		0AF176301E0E80E1006EF4B9 /* v */ = {isa = PBXFileReference; explicitFileType = "compiled.mach-o.executable"; includeInIndex = 0; path = v; sourceTree = BUILT_PRODUCTS_DIR; };
		0AF176331E0E80E1006EF4B9 /* main.m */ = {isa = PBXFileReference; lastKnownFileType = sourcecode.c.objc; path = main.m; sourceTree = "<group>"; };
/* End PBXFileReference section */

/* Begin PBXFrameworksBuildPhase section */
		0AF1762D1E0E80E0006EF4B9 /* Frameworks */ = {
			isa = PBXFrameworksBuildPhase;
			buildActionMask = 2147483647;
			files = (
			);
			runOnlyForDeploymentPostprocessing = 0;
		};
/* End PBXFrameworksBuildPhase section */

/* Begin PBXGroup section */
		0AF176271E0E80E0006EF4B9 = {
			isa = PBXGroup;
			children = (
				0AF176321E0E80E1006EF4B9 /* v */,
				0AF176311E0E80E1006EF4B9 /* Products */,
			);
			sourceTree = "<group>";
		};
		0AF176311E0E80E1006EF4B9 /* Products */ = {
			isa = PBXGroup;
			children = (
				0AF176301E0E80E1006EF4B9 /* v */,
			);
			name = Products;
			sourceTree = "<group>";
		};
		0AF176321E0E80E1006EF4B9 /* v */ = {
			isa = PBXGroup;
			children = (
				0AF176331E0E80E1006EF4B9 /* main.m */,
				0A3F758E1E0FAD4900E6CD00 /* input.txt */,
				0A3F758D1E0FA1A100E6CD00 /* myinventory.json */,
				0A3F758F1E0FD4CA00E6CD00 /* myoutput.json */,
				0A3F758C1E0F9C2100E6CD00 /* JSON.h */,
				0A3F75891E0F9BF500E6CD00 /* JSON.m */,
			);
			path = v;
			sourceTree = "<group>";
		};
/* End PBXGroup section */

/* Begin PBXNativeTarget section */
		0AF1762F1E0E80E0006EF4B9 /* v */ = {
			isa = PBXNativeTarget;
			buildConfigurationList = 0AF176371E0E80E1006EF4B9 /* Build configuration list for PBXNativeTarget "v" */;
			buildPhases = (
				0AF1762C1E0E80E0006EF4B9 /* Sources */,
				0AF1762D1E0E80E0006EF4B9 /* Frameworks */,
				0AF1762E1E0E80E0006EF4B9 /* CopyFiles */,
			);
			buildRules = (
			);
			dependencies = (
			);
			name = v;
			productName = v;
			productReference = 0AF176301E0E80E1006EF4B9 /* v */;
			productType = "com.apple.product-type.tool";
		};
/* End PBXNativeTarget section */

/* Begin PBXProject section */
		0AF176281E0E80E0006EF4B9 /* Project object */ = {
			isa = PBXProject;
			attributes = {
				LastUpgradeCheck = 0810;
				ORGANIZATIONNAME = "BridgeLabz Solutions LLP";
				TargetAttributes = {
					0AF1762F1E0E80E0006EF4B9 = {
						CreatedOnToolsVersion = 8.1;
						ProvisioningStyle = Automatic;
					};
				};
			};
			buildConfigurationList = 0AF1762B1E0E80E0006EF4B9 /* Build configuration list for PBXProject "v" */;
			compatibilityVersion = "Xcode 3.2";
			developmentRegion = English;
			hasScannedForEncodings = 0;
			knownRegions = (
				en,
			);
			mainGroup = 0AF176271E0E80E0006EF4B9;
			productRefGroup = 0AF176311E0E80E1006EF4B9 /* Products */;
			projectDirPath = "";
			projectRoot = "";
			targets = (
				0AF1762F1E0E80E0006EF4B9 /* v */,
			);
		};
/* End PBXProject section */

/* Begin PBXSourcesBuildPhase section */
		0AF1762C1E0E80E0006EF4B9 /* Sources */ = {
			isa = PBXSourcesBuildPhase;
			buildActionMask = 2147483647;
			files = (
				0AF176341E0E80E1006EF4B9 /* main.m in Sources */,
				0A3F758A1E0F9BF500E6CD00 /* JSON.m in Sources */,
			);
			runOnlyForDeploymentPostprocessing = 0;
		};
/* End PBXSourcesBuildPhase section */

/* Begin XCBuildConfiguration section */
		0AF176351E0E80E1006EF4B9 /* Debug */ = {
			isa = XCBuildConfiguration;
			buildSettings = {
				ALWAYS_SEARCH_USER_PATHS = NO;
				CLANG_ANALYZER_NONNULL = YES;
				CLANG_CXX_LANGUAGE_STANDARD = "gnu++0x";
				CLANG_CXX_LIBRARY = "libc++";
				CLANG_ENABLE_MODULES = YES;
				CLANG_ENABLE_OBJC_ARC = YES;
				CLANG_WARN_BOOL_CONVERSION = YES;
				CLANG_WARN_CONSTANT_CONVERSION = YES;
				CLANG_WARN_DIRECT_OBJC_ISA_USAGE = YES_ERROR;
				CLANG_WARN_DOCUMENTATION_COMMENTS = YES;
				CLANG_WARN_EMPTY_BODY = YES;
				CLANG_WARN_ENUM_CONVERSION = YES;
				CLANG_WARN_INFINITE_RECURSION = YES;
				CLANG_WARN_INT_CONVERSION = YES;
				CLANG_WARN_OBJC_ROOT_CLASS = YES_ERROR;
				CLANG_WARN_SUSPICIOUS_MOVES = YES;
				CLANG_WARN_UNREACHABLE_CODE = YES;
				CLANG_WARN__DUPLICATE_METHOD_MATCH = YES;
				CODE_SIGN_IDENTITY = "-";
				COPY_PHASE_STRIP = NO;
				DEBUG_INFORMATION_FORMAT = dwarf;
				ENABLE_STRICT_OBJC_MSGSEND = YES;
				ENABLE_TESTABILITY = YES;
				GCC_C_LANGUAGE_STANDARD = gnu99;
				GCC_DYNAMIC_NO_PIC = NO;
				GCC_NO_COMMON_BLOCKS = YES;
				GCC_OPTIMIZATION_LEVEL = 0;
				GCC_PREPROCESSOR_DEFINITIONS = (
					"DEBUG=1",
					"$(inherited)",
				);
				GCC_WARN_64_TO_32_BIT_CONVERSION = YES;
				GCC_WARN_ABOUT_RETURN_TYPE = YES_ERROR;
				GCC_WARN_UNDECLARED_SELECTOR = YES;
				GCC_WARN_UNINITIALIZED_AUTOS = YES_AGGRESSIVE;
				GCC_WARN_UNUSED_FUNCTION = YES;
				GCC_WARN_UNUSED_VARIABLE = YES;
				MACOSX_DEPLOYMENT_TARGET = 10.11;
				MTL_ENABLE_DEBUG_INFO = YES;
				ONLY_ACTIVE_ARCH = YES;
				SDKROOT = macosx;
			};
			name = Debug;
		};
		0AF176361E0E80E1006EF4B9 /* Release */ = {
			isa = XCBuildConfiguration;
			buildSettings = {
				ALWAYS_SEARCH_USER_PATHS = NO;
				CLANG_ANALYZER_NONNULL = YES;
				CLANG_CXX_LANGUAGE_STANDARD = "gnu++0x";
				CLANG_CXX_LIBRARY = "libc++";
				CLANG_ENABLE_MODULES = YES;
				CLANG_ENABLE_OBJC_ARC = YES;
				CLANG_WARN_BOOL_CONVERSION = YES;
				CLANG_WARN_CONSTANT_CONVERSION = YES;
				CLANG_WARN_DIRECT_OBJC_ISA_USAGE = YES_ERROR;
				CLANG_WARN_DOCUMENTATION_COMMENTS = YES;
				CLANG_WARN_EMPTY_BODY = YES;
				CLANG_WARN_ENUM_CONVERSION = YES;
				CLANG_WARN_INFINITE_RECURSION = YES;
				CLANG_WARN_INT_CONVERSION = YES;
				CLANG_WARN_OBJC_ROOT_CLASS = YES_ERROR;
				CLANG_WARN_SUSPICIOUS_MOVES = YES;
				CLANG_WARN_UNREACHABLE_CODE = YES;
				CLANG_WARN__DUPLICATE_METHOD_MATCH = YES;
				CODE_SIGN_IDENTITY = "-";
				COPY_PHASE_STRIP = NO;
				DEBUG_INFORMATION_FORMAT = "dwarf-with-dsym";
				ENABLE_NS_ASSERTIONS = NO;
				ENABLE_STRICT_OBJC_MSGSEND = YES;
				GCC_C_LANGUAGE_STANDARD = gnu99;
				GCC_NO_COMMON_BLOCKS = YES;
				GCC_WARN_64_TO_32_BIT_CONVERSION = YES;
				GCC_WARN_ABOUT_RETURN_TYPE = YES_ERROR;
				GCC_WARN_UNDECLARED_SELECTOR = YES;
				GCC_WARN_UNINITIALIZED_AUTOS = YES_AGGRESSIVE;
				GCC_WARN_UNUSED_FUNCTION = YES;
				GCC_WARN_UNUSED_VARIABLE = YES;
				MACOSX_DEPLOYMENT_TARGET = 10.11;
				MTL_ENABLE_DEBUG_INFO = NO;
				SDKROOT = macosx;
			};
			name = Release;
		};
		0AF176381E0E80E1006EF4B9 /* Debug */ = {
			isa = XCBuildConfiguration;
			buildSettings = {
				PRODUCT_NAME = "$(TARGET_NAME)";
			};
			name = Debug;
		};
		0AF176391E0E80E1006EF4B9 /* Release */ = {
			isa = XCBuildConfiguration;
			buildSettings = {
				PRODUCT_NAME = "$(TARGET_NAME)";
			};
			name = Release;
		};
/* End XCBuildConfiguration section */

/* Begin XCConfigurationList section */
		0AF1762B1E0E80E0006EF4B9 /* Build configuration list for PBXProject "v" */ = {
			isa = XCConfigurationList;
			buildConfigurations = (
				0AF176351E0E80E1006EF4B9 /* Debug */,
				0AF176361E0E80E1006EF4B9 /* Release */,
			);
			defaultConfigurationIsVisible = 0;
			defaultConfigurationName = Release;
		};
		0AF176371E0E80E1006EF4B9 /* Build configuration list for PBXNativeTarget "v" */ = {
			isa = XCConfigurationList;
			buildConfigurations = (
				0AF176381E0E80E1006EF4B9 /* Debug */,
				0AF176391E0E80E1006EF4B9 /* Release */,
			);
			defaultConfigurationIsVisible = 0;
			defaultConfigurationName = Release;
		};
/* End XCConfigurationList section */
	};
	rootObject = 0AF176281E0E80E0006EF4B9 /* Project object */;
}
